lockfile_version: '1'
generated_at: '2026-06-12T01:12:50.013883+00:00'
apm_version: 0.18.0
dependencies:
- repo_url: obra/superpowers
  host: github.com
  resolved_commit: 6fd4507659784c351abbd2bc264c7162cfd386dc
  resolved_ref: 6fd4507659784c351abbd2bc264c7162cfd386dc
  package_type: marketplace_plugin
  deployed_files:
  - .agents/skills/brainstorming
  - .agents/skills/dispatching-parallel-agents
  - .agents/skills/executing-plans
  - .agents/skills/finishing-a-development-branch
  - .agents/skills/receiving-code-review
  - .agents/skills/requesting-code-review
  - .agents/skills/subagent-driven-development
  - .agents/skills/systematic-debugging
  - .agents/skills/test-driven-development
  - .agents/skills/using-git-worktrees
  - .agents/skills/using-superpowers
  - .agents/skills/verification-before-completion
  - .agents/skills/writing-plans
  - .agents/skills/writing-skills
  - .claude/hooks/superpowers/hooks/run-hook.cmd
  - .claude/skills/brainstorming
  - .claude/skills/dispatching-parallel-agents
  - .claude/skills/executing-plans
  - .claude/skills/finishing-a-development-branch
  - .claude/skills/receiving-code-review
  - .claude/skills/requesting-code-review
  - .claude/skills/subagent-driven-development
  - .claude/skills/systematic-debugging
  - .claude/skills/test-driven-development
  - .claude/skills/using-git-worktrees
  - .claude/skills/using-superpowers
  - .claude/skills/verification-before-completion
  - .claude/skills/writing-plans
  - .claude/skills/writing-skills
  - .codex/hooks/superpowers/hooks/run-hook.cmd
  - .github/hooks/scripts/superpowers/hooks/run-hook.cmd
  - .github/hooks/superpowers-hooks-cursor.json
  - .github/hooks/superpowers-hooks.json
  deployed_file_hashes:
    .claude/hooks/superpowers/hooks/run-hook.cmd: sha256:d3d9c6199678dab2858e60509dde5e7414f13c2a2b5e48a38b1d368b6e1d6abb
    .codex/hooks/superpowers/hooks/run-hook.cmd: sha256:d3d9c6199678dab2858e60509dde5e7414f13c2a2b5e48a38b1d368b6e1d6abb
    .github/hooks/scripts/superpowers/hooks/run-hook.cmd: sha256:d3d9c6199678dab2858e60509dde5e7414f13c2a2b5e48a38b1d368b6e1d6abb
    .github/hooks/superpowers-hooks-cursor.json: sha256:53d8ceb3ff5d8bb1c4f283f238cc868b8c1af22e40a3ac30f6d6e4173effefbd
    .github/hooks/superpowers-hooks.json: sha256:414b2cda93dfd4523ea183cc02c29b17b7c92bbfd54ad89acd83aadac042ea5a
  content_hash: sha256:8b91ca49cbf065ffb70c91fc5b4f9a437fc56ab022203e6a617e89f9ca2730c4
mcp_servers:
- chrome-devtools
- context7
- semgrep
- serena
mcp_configs:
  chrome-devtools:
    name: chrome-devtools
    transport: stdio
    args:
    - -y
    - chrome-devtools-mcp@1.2.0
    registry: false
    command: npx
  context7:
    name: context7
    transport: stdio
    args:
    - -y
    - '@upstash/context7-mcp@3.2.0'
    registry: false
    command: npx
  semgrep:
    name: semgrep
    transport: stdio
    args:
    - semgrep-mcp
    registry: false
    command: uvx
  serena:
    name: serena
    transport: stdio
    args:
    - --from
    - git+https://github.com/oraios/serena@acee002dc498e5f4c368eb9d45ab67e480d77832
    - serena
    - start-mcp-server
    registry: false
    command: uvx
local_deployed_files:
- .claude/agents/financial-data-extractor.md
- .claude/rules/agents-workflow.md
- .claude/rules/language.md
- .claude/rules/project-overview.md
- .codex/agents/financial-data-extractor.toml
- .github/agents/financial-data-extractor.agent.md
- .github/instructions/agents-workflow.instructions.md
- .github/instructions/language.instructions.md
- .github/instructions/project-overview.instructions.md
local_deployed_file_hashes:
  .claude/agents/financial-data-extractor.md: sha256:865e0e25e5340d32a95341daedca1074d587fbdfe28e76276308dfdfa7a4e29e
  .claude/rules/agents-workflow.md: sha256:4ee5a4172ddcecb55ebae2c2ae7700b51cb50dc36b4df60f631f1397b9e739c3
  .claude/rules/language.md: sha256:047421e7342a256e3d408c71d33fd7741e416d48b534bd1f2f9dd9fb93fa40c5
  .claude/rules/project-overview.md: sha256:09b7e3c1276de2d6f20ce15f57e0542f0f136588bb8f0506b12fe5a266ad8d8c
  .codex/agents/financial-data-extractor.toml: sha256:76a17d58aa8a9d39939c2a54638916335e14a8f35447cf3b2b8b2642087c8285
  .github/agents/financial-data-extractor.agent.md: sha256:865e0e25e5340d32a95341daedca1074d587fbdfe28e76276308dfdfa7a4e29e
  .github/instructions/agents-workflow.instructions.md: sha256:ac9c8c88074300721f85887583dc41aa396a46f4d942de7d82a24bb241c268d1
  .github/instructions/language.instructions.md: sha256:c08744a6d3546c882ec9a2b16157898fd0f225838b5d3471048199951a2f42f0
  .github/instructions/project-overview.instructions.md: sha256:a6c1baa4418ab9360de4bc86d3437590dffec383e50f8a928dd5b9bfe75eda1c
