# @generated - this file is auto-generated by `mise lock` https://mise.en.dev/dev-tools/mise-lock.html

[[tools."github:microsoft/apm"]]
version = "0.19.0"
backend = "github:microsoft/apm"

[tools."github:microsoft/apm"."platforms.linux-arm64"]
checksum = "sha256:1a381f030a475f806c38d51a33b9af5f6e2eaf51cf20fd629f7322da0ca3dd78"
url = "https://github.com/microsoft/apm/releases/download/v0.19.0/apm-linux-arm64.tar.gz"
url_api = "https://api.github.com/repos/microsoft/apm/releases/assets/443052767"

[tools."github:microsoft/apm"."platforms.linux-arm64-musl"]
checksum = "sha256:1a381f030a475f806c38d51a33b9af5f6e2eaf51cf20fd629f7322da0ca3dd78"
url = "https://github.com/microsoft/apm/releases/download/v0.19.0/apm-linux-arm64.tar.gz"
url_api = "https://api.github.com/repos/microsoft/apm/releases/assets/443052767"

[tools."github:microsoft/apm"."platforms.linux-x64"]
checksum = "sha256:93c447da0857da55ff12e7071a5af974c0f85de9717155e7dc06682bc1afe362"
url = "https://github.com/microsoft/apm/releases/download/v0.19.0/apm-linux-x86_64.tar.gz"
url_api = "https://api.github.com/repos/microsoft/apm/releases/assets/443052765"

[tools."github:microsoft/apm"."platforms.linux-x64-musl"]
checksum = "sha256:93c447da0857da55ff12e7071a5af974c0f85de9717155e7dc06682bc1afe362"
url = "https://github.com/microsoft/apm/releases/download/v0.19.0/apm-linux-x86_64.tar.gz"
url_api = "https://api.github.com/repos/microsoft/apm/releases/assets/443052765"

[tools."github:microsoft/apm"."platforms.macos-arm64"]
checksum = "sha256:06bfcec4be3aff7d656e901a237e65cb835f244cbc0e02e02c780e72fb6cf294"
url = "https://github.com/microsoft/apm/releases/download/v0.19.0/apm-darwin-arm64.tar.gz"
url_api = "https://api.github.com/repos/microsoft/apm/releases/assets/443052772"

[tools."github:microsoft/apm"."platforms.macos-x64"]
checksum = "sha256:485847073e208cd262159ca4e934e39c85b54d02b27c34eda36a6afc801b20b3"
url = "https://github.com/microsoft/apm/releases/download/v0.19.0/apm-darwin-x86_64.tar.gz"
url_api = "https://api.github.com/repos/microsoft/apm/releases/assets/443052770"

[tools."github:microsoft/apm"."platforms.windows-x64"]
checksum = "sha256:e1a42126b891f24cdc32916d60806cd5a86b20f367e16598a5e12fcb3b579406"
url = "https://github.com/microsoft/apm/releases/download/v0.19.0/apm-windows-x86_64.zip"
url_api = "https://api.github.com/repos/microsoft/apm/releases/assets/443052766"
